// !$*UTF8*$!
{
	archiveVersion = 1;
	classes = {
	};
	objectVersion = 50;
	objects = {

/* Begin PBXBuildFile section */
		D2045BD524A3FBA5001F4A05 /* AppDelegate.swift in Sources */ = {isa = PBXBuildFile; fileRef = D2045BD424A3FBA5001F4A05 /* AppDelegate.swift */; };
		D2045BD724A3FBA5001F4A05 /* SceneDelegate.swift in Sources */ = {isa = PBXBuildFile; fileRef = D2045BD624A3FBA5001F4A05 /* SceneDelegate.swift */; };
		D2045BD924A3FBA5001F4A05 /* ViewController.swift in Sources */ = {isa = PBXBuildFile; fileRef = D2045BD824A3FBA5001F4A05 /* ViewController.swift */; };
		D2045BDC24A3FBA5001F4A05 /* Main.storyboard in Resources */ = {isa = PBXBuildFile; fileRef = D2045BDA24A3FBA5001F4A05 /* Main.storyboard */; };
		D2045BDE24A3FBA9001F4A05 /* Assets.xcassets in Resources */ = {isa = PBXBuildFile; fileRef = D2045BDD24A3FBA9001F4A05 /* Assets.xcassets */; };
		D2045BE124A3FBA9001F4A05 /* LaunchScreen.storyboard in Resources */ = {isa = PBXBuildFile; fileRef = D2045BDF24A3FBA9001F4A05 /* LaunchScreen.storyboard */; };
		D2045BEC24A44B56001F4A05 /* SignInViewController.swift in Sources */ = {isa = PBXBuildFile; fileRef = D2045BEB24A44B56001F4A05 /* SignInViewController.swift */; };
		D2045BEE24A44F46001F4A05 /* CreateAccountViewController.swift in Sources */ = {isa = PBXBuildFile; fileRef = D2045BED24A44F46001F4A05 /* CreateAccountViewController.swift */; };
		D2045BF124A6665B001F4A05 /* Database.xcdatamodeld in Sources */ = {isa = PBXBuildFile; fileRef = D2045BEF24A6665B001F4A05 /* Database.xcdatamodeld */; };
		D2045BFA24A67CE5001F4A05 /* ClassEntry+CoreDataClass.swift in Sources */ = {isa = PBXBuildFile; fileRef = D2045BF224A67CE5001F4A05 /* ClassEntry+CoreDataClass.swift */; };
		D2045BFB24A67CE5001F4A05 /* ClassEntry+CoreDataProperties.swift in Sources */ = {isa = PBXBuildFile; fileRef = D2045BF324A67CE5001F4A05 /* ClassEntry+CoreDataProperties.swift */; };
		D2045BFC24A67CE5001F4A05 /* Accounts+CoreDataClass.swift in Sources */ = {isa = PBXBuildFile; fileRef = D2045BF424A67CE5001F4A05 /* Accounts+CoreDataClass.swift */; };
		D2045BFD24A67CE5001F4A05 /* Accounts+CoreDataProperties.swift in Sources */ = {isa = PBXBuildFile; fileRef = D2045BF524A67CE5001F4A05 /* Accounts+CoreDataProperties.swift */; };
		D2045BFE24A67CE5001F4A05 /* Classes+CoreDataClass.swift in Sources */ = {isa = PBXBuildFile; fileRef = D2045BF624A67CE5001F4A05 /* Classes+CoreDataClass.swift */; };
		D2045BFF24A67CE5001F4A05 /* Classes+CoreDataProperties.swift in Sources */ = {isa = PBXBuildFile; fileRef = D2045BF724A67CE5001F4A05 /* Classes+CoreDataProperties.swift */; };
		D2045C0024A67CE5001F4A05 /* Student+CoreDataClass.swift in Sources */ = {isa = PBXBuildFile; fileRef = D2045BF824A67CE5001F4A05 /* Student+CoreDataClass.swift */; };
		D2045C0124A67CE5001F4A05 /* Student+CoreDataProperties.swift in Sources */ = {isa = PBXBuildFile; fileRef = D2045BF924A67CE5001F4A05 /* Student+CoreDataProperties.swift */; };
		D2045C0624A699D8001F4A05 /* HomeViewController.swift in Sources */ = {isa = PBXBuildFile; fileRef = D2045C0524A699D8001F4A05 /* HomeViewController.swift */; };
		D2045C0824A69B60001F4A05 /* TabViewController.swift in Sources */ = {isa = PBXBuildFile; fileRef = D2045C0724A69B60001F4A05 /* TabViewController.swift */; };
		D2045C0C24A6EE06001F4A05 /* class.json in Resources */ = {isa = PBXBuildFile; fileRef = D2045C0B24A6EE06001F4A05 /* class.json */; };
		D2045C0E24A6F879001F4A05 /* ClassesViewController.swift in Sources */ = {isa = PBXBuildFile; fileRef = D2045C0D24A6F879001F4A05 /* ClassesViewController.swift */; };
		D22D480024A995C900513B8A /* FindPalTableViewController.swift in Sources */ = {isa = PBXBuildFile; fileRef = D22D47FF24A995C900513B8A /* FindPalTableViewController.swift */; };
		D22D482424ABF0CC00513B8A /* PalsViewController.swift in Sources */ = {isa = PBXBuildFile; fileRef = D22D482324ABF0CC00513B8A /* PalsViewController.swift */; };
		D22D482624ABF13400513B8A /* NewPalViewController.swift in Sources */ = {isa = PBXBuildFile; fileRef = D22D482524ABF13400513B8A /* NewPalViewController.swift */; };
		D273706424B25C3100F43F07 /* SettingsViewController.swift in Sources */ = {isa = PBXBuildFile; fileRef = D273706324B25C3100F43F07 /* SettingsViewController.swift */; };
		D273706624B2602300F43F07 /* AccountTableViewController.swift in Sources */ = {isa = PBXBuildFile; fileRef = D273706524B2602300F43F07 /* AccountTableViewController.swift */; };
		D273706824B279CC00F43F07 /* ChangeEmailViewController.swift in Sources */ = {isa = PBXBuildFile; fileRef = D273706724B279CC00F43F07 /* ChangeEmailViewController.swift */; };
		D273706A24B286DA00F43F07 /* SignOutTableViewController.swift in Sources */ = {isa = PBXBuildFile; fileRef = D273706924B286DA00F43F07 /* SignOutTableViewController.swift */; };
		D273706C24B289E900F43F07 /* ChangeUsernameViewController.swift in Sources */ = {isa = PBXBuildFile; fileRef = D273706B24B289E900F43F07 /* ChangeUsernameViewController.swift */; };
		D273706E24B2A2C300F43F07 /* ChangePasswordViewController.swift in Sources */ = {isa = PBXBuildFile; fileRef = D273706D24B2A2C300F43F07 /* ChangePasswordViewController.swift */; };
		D273707024B3C43C00F43F07 /* accounts.json in Resources */ = {isa = PBXBuildFile; fileRef = D273706F24B3C43C00F43F07 /* accounts.json */; };
		D2C41C6824AEC0C700AAD9C6 /* AddPalTableViewController.swift in Sources */ = {isa = PBXBuildFile; fileRef = D2C41C6724AEC0C700AAD9C6 /* AddPalTableViewController.swift */; };
		D2C41C6A24B027D300AAD9C6 /* ClassPalsViewController.swift in Sources */ = {isa = PBXBuildFile; fileRef = D2C41C6924B027D300AAD9C6 /* ClassPalsViewController.swift */; };
		D2D30A8824AA8873006B700E /* StillFindTableController.swift in Sources */ = {isa = PBXBuildFile; fileRef = D2D30A8724AA8873006B700E /* StillFindTableController.swift */; };
/* End PBXBuildFile section */

/* Begin PBXFileReference section */
		D2045BD124A3FBA5001F4A05 /* StudyPal.app */ = {isa = PBXFileReference; explicitFileType = wrapper.application; includeInIndex = 0; path = StudyPal.app; sourceTree = BUILT_PRODUCTS_DIR; };
		D2045BD424A3FBA5001F4A05 /* AppDelegate.swift */ = {isa = PBXFileReference; lastKnownFileType = sourcecode.swift; path = AppDelegate.swift; sourceTree = "<group>"; };
		D2045BD624A3FBA5001F4A05 /* SceneDelegate.swift */ = {isa = PBXFileReference; lastKnownFileType = sourcecode.swift; path = SceneDelegate.swift; sourceTree = "<group>"; };
		D2045BD824A3FBA5001F4A05 /* ViewController.swift */ = {isa = PBXFileReference; lastKnownFileType = sourcecode.swift; path = ViewController.swift; sourceTree = "<group>"; };
		D2045BDB24A3FBA5001F4A05 /* Base */ = {isa = PBXFileReference; lastKnownFileType = file.storyboard; name = Base; path = Base.lproj/Main.storyboard; sourceTree = "<group>"; };
		D2045BDD24A3FBA9001F4A05 /* Assets.xcassets */ = {isa = PBXFileReference; lastKnownFileType = folder.assetcatalog; path = Assets.xcassets; sourceTree = "<group>"; };
		D2045BE024A3FBA9001F4A05 /* Base */ = {isa = PBXFileReference; lastKnownFileType = file.storyboard; name = Base; path = Base.lproj/LaunchScreen.storyboard; sourceTree = "<group>"; };
		D2045BE224A3FBA9001F4A05 /* Info.plist */ = {isa = PBXFileReference; lastKnownFileType = text.plist.xml; path = Info.plist; sourceTree = "<group>"; };
		D2045BEB24A44B56001F4A05 /* SignInViewController.swift */ = {isa = PBXFileReference; lastKnownFileType = sourcecode.swift; path = SignInViewController.swift; sourceTree = "<group>"; xcLanguageSpecificationIdentifier = xcode.lang.swift; };
		D2045BED24A44F46001F4A05 /* CreateAccountViewController.swift */ = {isa = PBXFileReference; lastKnownFileType = sourcecode.swift; path = CreateAccountViewController.swift; sourceTree = "<group>"; };
		D2045BF024A6665B001F4A05 /* Database.xcdatamodel */ = {isa = PBXFileReference; lastKnownFileType = wrapper.xcdatamodel; path = Database.xcdatamodel; sourceTree = "<group>"; };
		D2045BF224A67CE5001F4A05 /* ClassEntry+CoreDataClass.swift */ = {isa = PBXFileReference; lastKnownFileType = sourcecode.swift; path = "ClassEntry+CoreDataClass.swift"; sourceTree = "<group>"; };
		D2045BF324A67CE5001F4A05 /* ClassEntry+CoreDataProperties.swift */ = {isa = PBXFileReference; lastKnownFileType = sourcecode.swift; path = "ClassEntry+CoreDataProperties.swift"; sourceTree = "<group>"; };
		D2045BF424A67CE5001F4A05 /* Accounts+CoreDataClass.swift */ = {isa = PBXFileReference; lastKnownFileType = sourcecode.swift; path = "Accounts+CoreDataClass.swift"; sourceTree = "<group>"; };
		D2045BF524A67CE5001F4A05 /* Accounts+CoreDataProperties.swift */ = {isa = PBXFileReference; lastKnownFileType = sourcecode.swift; path = "Accounts+CoreDataProperties.swift"; sourceTree = "<group>"; };
		D2045BF624A67CE5001F4A05 /* Classes+CoreDataClass.swift */ = {isa = PBXFileReference; lastKnownFileType = sourcecode.swift; path = "Classes+CoreDataClass.swift"; sourceTree = "<group>"; };
		D2045BF724A67CE5001F4A05 /* Classes+CoreDataProperties.swift */ = {isa = PBXFileReference; lastKnownFileType = sourcecode.swift; path = "Classes+CoreDataProperties.swift"; sourceTree = "<group>"; };
		D2045BF824A67CE5001F4A05 /* Student+CoreDataClass.swift */ = {isa = PBXFileReference; lastKnownFileType = sourcecode.swift; path = "Student+CoreDataClass.swift"; sourceTree = "<group>"; };
		D2045BF924A67CE5001F4A05 /* Student+CoreDataProperties.swift */ = {isa = PBXFileReference; lastKnownFileType = sourcecode.swift; path = "Student+CoreDataProperties.swift"; sourceTree = "<group>"; };
		D2045C0524A699D8001F4A05 /* HomeViewController.swift */ = {isa = PBXFileReference; lastKnownFileType = sourcecode.swift; path = HomeViewController.swift; sourceTree = "<group>"; };
		D2045C0724A69B60001F4A05 /* TabViewController.swift */ = {isa = PBXFileReference; lastKnownFileType = sourcecode.swift; path = TabViewController.swift; sourceTree = "<group>"; };
		D2045C0B24A6EE06001F4A05 /* class.json */ = {isa = PBXFileReference; lastKnownFileType = text.json; path = class.json; sourceTree = "<group>"; };
		D2045C0D24A6F879001F4A05 /* ClassesViewController.swift */ = {isa = PBXFileReference; lastKnownFileType = sourcecode.swift; path = ClassesViewController.swift; sourceTree = "<group>"; };
		D22D47FF24A995C900513B8A /* FindPalTableViewController.swift */ = {isa = PBXFileReference; lastKnownFileType = sourcecode.swift; path = FindPalTableViewController.swift; sourceTree = "<group>"; };
		D22D482324ABF0CC00513B8A /* PalsViewController.swift */ = {isa = PBXFileReference; lastKnownFileType = sourcecode.swift; path = PalsViewController.swift; sourceTree = "<group>"; };
		D22D482524ABF13400513B8A /* NewPalViewController.swift */ = {isa = PBXFileReference; lastKnownFileType = sourcecode.swift; path = NewPalViewController.swift; sourceTree = "<group>"; };
		D273706324B25C3100F43F07 /* SettingsViewController.swift */ = {isa = PBXFileReference; lastKnownFileType = sourcecode.swift; path = SettingsViewController.swift; sourceTree = "<group>"; };
		D273706524B2602300F43F07 /* AccountTableViewController.swift */ = {isa = PBXFileReference; lastKnownFileType = sourcecode.swift; path = AccountTableViewController.swift; sourceTree = "<group>"; };
		D273706724B279CC00F43F07 /* ChangeEmailViewController.swift */ = {isa = PBXFileReference; lastKnownFileType = sourcecode.swift; path = ChangeEmailViewController.swift; sourceTree = "<group>"; };
		D273706924B286DA00F43F07 /* SignOutTableViewController.swift */ = {isa = PBXFileReference; lastKnownFileType = sourcecode.swift; path = SignOutTableViewController.swift; sourceTree = "<group>"; };
		D273706B24B289E900F43F07 /* ChangeUsernameViewController.swift */ = {isa = PBXFileReference; lastKnownFileType = sourcecode.swift; path = ChangeUsernameViewController.swift; sourceTree = "<group>"; };
		D273706D24B2A2C300F43F07 /* ChangePasswordViewController.swift */ = {isa = PBXFileReference; lastKnownFileType = sourcecode.swift; path = ChangePasswordViewController.swift; sourceTree = "<group>"; };
		D273706F24B3C43C00F43F07 /* accounts.json */ = {isa = PBXFileReference; lastKnownFileType = text.json; path = accounts.json; sourceTree = "<group>"; };
		D2C41C6724AEC0C700AAD9C6 /* AddPalTableViewController.swift */ = {isa = PBXFileReference; lastKnownFileType = sourcecode.swift; path = AddPalTableViewController.swift; sourceTree = "<group>"; };
		D2C41C6924B027D300AAD9C6 /* ClassPalsViewController.swift */ = {isa = PBXFileReference; lastKnownFileType = sourcecode.swift; path = ClassPalsViewController.swift; sourceTree = "<group>"; };
		D2D30A8724AA8873006B700E /* StillFindTableController.swift */ = {isa = PBXFileReference; lastKnownFileType = sourcecode.swift; path = StillFindTableController.swift; sourceTree = "<group>"; };
/* End PBXFileReference section */

/* Begin PBXFrameworksBuildPhase section */
		D2045BCE24A3FBA5001F4A05 /* Frameworks */ = {
			isa = PBXFrameworksBuildPhase;
			buildActionMask = 2147483647;
			files = (
			);
			runOnlyForDeploymentPostprocessing = 0;
		};
/* End PBXFrameworksBuildPhase section */

/* Begin PBXGroup section */
		D2045BC824A3FBA5001F4A05 = {
			isa = PBXGroup;
			children = (
				D2045BD324A3FBA5001F4A05 /* StudyPal */,
				D2045BD224A3FBA5001F4A05 /* Products */,
			);
			sourceTree = "<group>";
		};
		D2045BD224A3FBA5001F4A05 /* Products */ = {
			isa = PBXGroup;
			children = (
				D2045BD124A3FBA5001F4A05 /* StudyPal.app */,
			);
			name = Products;
			sourceTree = "<group>";
		};
		D2045BD324A3FBA5001F4A05 /* StudyPal */ = {
			isa = PBXGroup;
			children = (
				D273707124B3C6F800F43F07 /* JSON */,
				D2045C0424A68F9C001F4A05 /* Data */,
				D2045BD424A3FBA5001F4A05 /* AppDelegate.swift */,
				D2045BD624A3FBA5001F4A05 /* SceneDelegate.swift */,
				D2045BD824A3FBA5001F4A05 /* ViewController.swift */,
				D2045BDA24A3FBA5001F4A05 /* Main.storyboard */,
				D2045BDD24A3FBA9001F4A05 /* Assets.xcassets */,
				D2045BDF24A3FBA9001F4A05 /* LaunchScreen.storyboard */,
				D2045BE224A3FBA9001F4A05 /* Info.plist */,
				D2045BEB24A44B56001F4A05 /* SignInViewController.swift */,
				D2045BED24A44F46001F4A05 /* CreateAccountViewController.swift */,
				D2045BEF24A6665B001F4A05 /* Database.xcdatamodeld */,
				D2045C0524A699D8001F4A05 /* HomeViewController.swift */,
				D2045C0724A69B60001F4A05 /* TabViewController.swift */,
				D22D47FF24A995C900513B8A /* FindPalTableViewController.swift */,
				D2D30A8724AA8873006B700E /* StillFindTableController.swift */,
				D22D482324ABF0CC00513B8A /* PalsViewController.swift */,
				D22D482524ABF13400513B8A /* NewPalViewController.swift */,
				D2C41C6724AEC0C700AAD9C6 /* AddPalTableViewController.swift */,
				D2045C0D24A6F879001F4A05 /* ClassesViewController.swift */,
				D273706724B279CC00F43F07 /* ChangeEmailViewController.swift */,
				D2C41C6924B027D300AAD9C6 /* ClassPalsViewController.swift */,
				D273706324B25C3100F43F07 /* SettingsViewController.swift */,
				D273706524B2602300F43F07 /* AccountTableViewController.swift */,
				D273706924B286DA00F43F07 /* SignOutTableViewController.swift */,
				D273706B24B289E900F43F07 /* ChangeUsernameViewController.swift */,
				D273706D24B2A2C300F43F07 /* ChangePasswordViewController.swift */,
			);
			path = StudyPal;
			sourceTree = "<group>";
		};
		D2045C0424A68F9C001F4A05 /* Data */ = {
			isa = PBXGroup;
			children = (
				D2045BF224A67CE5001F4A05 /* ClassEntry+CoreDataClass.swift */,
				D2045BF324A67CE5001F4A05 /* ClassEntry+CoreDataProperties.swift */,
				D2045BF424A67CE5001F4A05 /* Accounts+CoreDataClass.swift */,
				D2045BF524A67CE5001F4A05 /* Accounts+CoreDataProperties.swift */,
				D2045BF624A67CE5001F4A05 /* Classes+CoreDataClass.swift */,
				D2045BF724A67CE5001F4A05 /* Classes+CoreDataProperties.swift */,
				D2045BF824A67CE5001F4A05 /* Student+CoreDataClass.swift */,
				D2045BF924A67CE5001F4A05 /* Student+CoreDataProperties.swift */,
			);
			path = Data;
			sourceTree = "<group>";
		};
		D273707124B3C6F800F43F07 /* JSON */ = {
			isa = PBXGroup;
			children = (
				D273706F24B3C43C00F43F07 /* accounts.json */,
				D2045C0B24A6EE06001F4A05 /* class.json */,
			);
			path = JSON;
			sourceTree = "<group>";
		};
/* End PBXGroup section */

/* Begin PBXNativeTarget section */
		D2045BD024A3FBA5001F4A05 /* StudyPal */ = {
			isa = PBXNativeTarget;
			buildConfigurationList = D2045BE524A3FBA9001F4A05 /* Build configuration list for PBXNativeTarget "StudyPal" */;
			buildPhases = (
				D2045BCD24A3FBA5001F4A05 /* Sources */,
				D2045BCE24A3FBA5001F4A05 /* Frameworks */,
				D2045BCF24A3FBA5001F4A05 /* Resources */,
			);
			buildRules = (
			);
			dependencies = (
			);
			name = StudyPal;
			productName = StudyPal;
			productReference = D2045BD124A3FBA5001F4A05 /* StudyPal.app */;
			productType = "com.apple.product-type.application";
		};
/* End PBXNativeTarget section */

/* Begin PBXProject section */
		D2045BC924A3FBA5001F4A05 /* Project object */ = {
			isa = PBXProject;
			attributes = {
				LastSwiftUpdateCheck = 1150;
				LastUpgradeCheck = 1150;
				ORGANIZATIONNAME = "Christina Chau";
				TargetAttributes = {
					D2045BD024A3FBA5001F4A05 = {
						CreatedOnToolsVersion = 11.5;
					};
				};
			};
			buildConfigurationList = D2045BCC24A3FBA5001F4A05 /* Build configuration list for PBXProject "StudyPal" */;
			compatibilityVersion = "Xcode 9.3";
			developmentRegion = en;
			hasScannedForEncodings = 0;
			knownRegions = (
				en,
				Base,
			);
			mainGroup = D2045BC824A3FBA5001F4A05;
			productRefGroup = D2045BD224A3FBA5001F4A05 /* Products */;
			projectDirPath = "";
			projectRoot = "";
			targets = (
				D2045BD024A3FBA5001F4A05 /* StudyPal */,
			);
		};
/* End PBXProject section */

/* Begin PBXResourcesBuildPhase section */
		D2045BCF24A3FBA5001F4A05 /* Resources */ = {
			isa = PBXResourcesBuildPhase;
			buildActionMask = 2147483647;
			files = (
				D2045C0C24A6EE06001F4A05 /* class.json in Resources */,
				D2045BE124A3FBA9001F4A05 /* LaunchScreen.storyboard in Resources */,
				D2045BDE24A3FBA9001F4A05 /* Assets.xcassets in Resources */,
				D2045BDC24A3FBA5001F4A05 /* Main.storyboard in Resources */,
				D273707024B3C43C00F43F07 /* accounts.json in Resources */,
			);
			runOnlyForDeploymentPostprocessing = 0;
		};
/* End PBXResourcesBuildPhase section */

/* Begin PBXSourcesBuildPhase section */
		D2045BCD24A3FBA5001F4A05 /* Sources */ = {
			isa = PBXSourcesBuildPhase;
			buildActionMask = 2147483647;
			files = (
				D2045BEE24A44F46001F4A05 /* CreateAccountViewController.swift in Sources */,
				D22D482424ABF0CC00513B8A /* PalsViewController.swift in Sources */,
				D2045BFB24A67CE5001F4A05 /* ClassEntry+CoreDataProperties.swift in Sources */,
				D2045BEC24A44B56001F4A05 /* SignInViewController.swift in Sources */,
				D2045C0E24A6F879001F4A05 /* ClassesViewController.swift in Sources */,
				D2045C0024A67CE5001F4A05 /* Student+CoreDataClass.swift in Sources */,
				D2045BFD24A67CE5001F4A05 /* Accounts+CoreDataProperties.swift in Sources */,
				D2045C0624A699D8001F4A05 /* HomeViewController.swift in Sources */,
				D2045BFA24A67CE5001F4A05 /* ClassEntry+CoreDataClass.swift in Sources */,
				D2045C0124A67CE5001F4A05 /* Student+CoreDataProperties.swift in Sources */,
				D2045C0824A69B60001F4A05 /* TabViewController.swift in Sources */,
				D2045BD924A3FBA5001F4A05 /* ViewController.swift in Sources */,
				D273706E24B2A2C300F43F07 /* ChangePasswordViewController.swift in Sources */,
				D2045BFC24A67CE5001F4A05 /* Accounts+CoreDataClass.swift in Sources */,
				D2045BD524A3FBA5001F4A05 /* AppDelegate.swift in Sources */,
				D22D480024A995C900513B8A /* FindPalTableViewController.swift in Sources */,
				D273706824B279CC00F43F07 /* ChangeEmailViewController.swift in Sources */,
				D2045BFF24A67CE5001F4A05 /* Classes+CoreDataProperties.swift in Sources */,
				D2C41C6824AEC0C700AAD9C6 /* AddPalTableViewController.swift in Sources */,
				D2045BFE24A67CE5001F4A05 /* Classes+CoreDataClass.swift in Sources */,
				D22D482624ABF13400513B8A /* NewPalViewController.swift in Sources */,
				D273706C24B289E900F43F07 /* ChangeUsernameViewController.swift in Sources */,
				D2045BF124A6665B001F4A05 /* Database.xcdatamodeld in Sources */,
				D2045BD724A3FBA5001F4A05 /* SceneDelegate.swift in Sources */,
				D273706424B25C3100F43F07 /* SettingsViewController.swift in Sources */,
				D273706A24B286DA00F43F07 /* SignOutTableViewController.swift in Sources */,
				D2D30A8824AA8873006B700E /* StillFindTableController.swift in Sources */,
				D2C41C6A24B027D300AAD9C6 /* ClassPalsViewController.swift in Sources */,
				D273706624B2602300F43F07 /* AccountTableViewController.swift in Sources */,
			);
			runOnlyForDeploymentPostprocessing = 0;
		};
/* End PBXSourcesBuildPhase section */

/* Begin PBXVariantGroup section */
		D2045BDA24A3FBA5001F4A05 /* Main.storyboard */ = {
			isa = PBXVariantGroup;
			children = (
				D2045BDB24A3FBA5001F4A05 /* Base */,
			);
			name = Main.storyboard;
			sourceTree = "<group>";
		};
		D2045BDF24A3FBA9001F4A05 /* LaunchScreen.storyboard */ = {
			isa = PBXVariantGroup;
			children = (
				D2045BE024A3FBA9001F4A05 /* Base */,
			);
			name = LaunchScreen.storyboard;
			sourceTree = "<group>";
		};
/* End PBXVariantGroup section */

/* Begin XCBuildConfiguration section */
		D2045BE324A3FBA9001F4A05 /* Debug */ = {
			isa = XCBuildConfiguration;
			buildSettings = {
				ALWAYS_SEARCH_USER_PATHS = NO;
				CLANG_ANALYZER_NONNULL = YES;
				CLANG_ANALYZER_NUMBER_OBJECT_CONVERSION = YES_AGGRESSIVE;
				CLANG_CXX_LANGUAGE_STANDARD = "gnu++14";
				CLANG_CXX_LIBRARY = "libc++";
				CLANG_ENABLE_MODULES = YES;
				CLANG_ENABLE_OBJC_ARC = YES;
				CLANG_ENABLE_OBJC_WEAK = YES;
				CLANG_WARN_BLOCK_CAPTURE_AUTORELEASING = YES;
				CLANG_WARN_BOOL_CONVERSION = YES;
				CLANG_WARN_COMMA = YES;
				CLANG_WARN_CONSTANT_CONVERSION = YES;
				CLANG_WARN_DEPRECATED_OBJC_IMPLEMENTATIONS = YES;
				CLANG_WARN_DIRECT_OBJC_ISA_USAGE = YES_ERROR;
				CLANG_WARN_DOCUMENTATION_COMMENTS = YES;
				CLANG_WARN_EMPTY_BODY = YES;
				CLANG_WARN_ENUM_CONVERSION = YES;
				CLANG_WARN_INFINITE_RECURSION = YES;
				CLANG_WARN_INT_CONVERSION = YES;
				CLANG_WARN_NON_LITERAL_NULL_CONVERSION = YES;
				CLANG_WARN_OBJC_IMPLICIT_RETAIN_SELF = YES;
				CLANG_WARN_OBJC_LITERAL_CONVERSION = YES;
				CLANG_WARN_OBJC_ROOT_CLASS = YES_ERROR;
				CLANG_WARN_RANGE_LOOP_ANALYSIS = YES;
				CLANG_WARN_STRICT_PROTOTYPES = YES;
				CLANG_WARN_SUSPICIOUS_MOVE = YES;
				CLANG_WARN_UNGUARDED_AVAILABILITY = YES_AGGRESSIVE;
				CLANG_WARN_UNREACHABLE_CODE = YES;
				CLANG_WARN__DUPLICATE_METHOD_MATCH = YES;
				COPY_PHASE_STRIP = NO;
				DEBUG_INFORMATION_FORMAT = dwarf;
				ENABLE_STRICT_OBJC_MSGSEND = YES;
				ENABLE_TESTABILITY = YES;
				GCC_C_LANGUAGE_STANDARD = gnu11;
				GCC_DYNAMIC_NO_PIC = NO;
				GCC_NO_COMMON_BLOCKS = YES;
				GCC_OPTIMIZATION_LEVEL = 0;
				GCC_PREPROCESSOR_DEFINITIONS = (
					"DEBUG=1",
					"$(inherited)",
				);
				GCC_WARN_64_TO_32_BIT_CONVERSION = YES;
				GCC_WARN_ABOUT_RETURN_TYPE = YES_ERROR;
				GCC_WARN_UNDECLARED_SELECTOR = YES;
				GCC_WARN_UNINITIALIZED_AUTOS = YES_AGGRESSIVE;
				GCC_WARN_UNUSED_FUNCTION = YES;
				GCC_WARN_UNUSED_VARIABLE = YES;
				IPHONEOS_DEPLOYMENT_TARGET = 13.5;
				MTL_ENABLE_DEBUG_INFO = INCLUDE_SOURCE;
				MTL_FAST_MATH = YES;
				ONLY_ACTIVE_ARCH = YES;
				SDKROOT = iphoneos;
				SWIFT_ACTIVE_COMPILATION_CONDITIONS = DEBUG;
				SWIFT_OPTIMIZATION_LEVEL = "-Onone";
			};
			name = Debug;
		};
		D2045BE424A3FBA9001F4A05 /* Release */ = {
			isa = XCBuildConfiguration;
			buildSettings = {
				ALWAYS_SEARCH_USER_PATHS = NO;
				CLANG_ANALYZER_NONNULL = YES;
				CLANG_ANALYZER_NUMBER_OBJECT_CONVERSION = YES_AGGRESSIVE;
				CLANG_CXX_LANGUAGE_STANDARD = "gnu++14";
				CLANG_CXX_LIBRARY = "libc++";
				CLANG_ENABLE_MODULES = YES;
				CLANG_ENABLE_OBJC_ARC = YES;
				CLANG_ENABLE_OBJC_WEAK = YES;
				CLANG_WARN_BLOCK_CAPTURE_AUTORELEASING = YES;
				CLANG_WARN_BOOL_CONVERSION = YES;
				CLANG_WARN_COMMA = YES;
				CLANG_WARN_CONSTANT_CONVERSION = YES;
				CLANG_WARN_DEPRECATED_OBJC_IMPLEMENTATIONS = YES;
				CLANG_WARN_DIRECT_OBJC_ISA_USAGE = YES_ERROR;
				CLANG_WARN_DOCUMENTATION_COMMENTS = YES;
				CLANG_WARN_EMPTY_BODY = YES;
				CLANG_WARN_ENUM_CONVERSION = YES;
				CLANG_WARN_INFINITE_RECURSION = YES;
				CLANG_WARN_INT_CONVERSION = YES;
				CLANG_WARN_NON_LITERAL_NULL_CONVERSION = YES;
				CLANG_WARN_OBJC_IMPLICIT_RETAIN_SELF = YES;
				CLANG_WARN_OBJC_LITERAL_CONVERSION = YES;
				CLANG_WARN_OBJC_ROOT_CLASS = YES_ERROR;
				CLANG_WARN_RANGE_LOOP_ANALYSIS = YES;
				CLANG_WARN_STRICT_PROTOTYPES = YES;
				CLANG_WARN_SUSPICIOUS_MOVE = YES;
				CLANG_WARN_UNGUARDED_AVAILABILITY = YES_AGGRESSIVE;
				CLANG_WARN_UNREACHABLE_CODE = YES;
				CLANG_WARN__DUPLICATE_METHOD_MATCH = YES;
				COPY_PHASE_STRIP = NO;
				DEBUG_INFORMATION_FORMAT = "dwarf-with-dsym";
				ENABLE_NS_ASSERTIONS = NO;
				ENABLE_STRICT_OBJC_MSGSEND = YES;
				GCC_C_LANGUAGE_STANDARD = gnu11;
				GCC_NO_COMMON_BLOCKS = YES;
				GCC_WARN_64_TO_32_BIT_CONVERSION = YES;
				GCC_WARN_ABOUT_RETURN_TYPE = YES_ERROR;
				GCC_WARN_UNDECLARED_SELECTOR = YES;
				GCC_WARN_UNINITIALIZED_AUTOS = YES_AGGRESSIVE;
				GCC_WARN_UNUSED_FUNCTION = YES;
				GCC_WARN_UNUSED_VARIABLE = YES;
				IPHONEOS_DEPLOYMENT_TARGET = 13.5;
				MTL_ENABLE_DEBUG_INFO = NO;
				MTL_FAST_MATH = YES;
				SDKROOT = iphoneos;
				SWIFT_COMPILATION_MODE = wholemodule;
				SWIFT_OPTIMIZATION_LEVEL = "-O";
				VALIDATE_PRODUCT = YES;
			};
			name = Release;
		};
		D2045BE624A3FBA9001F4A05 /* Debug */ = {
			isa = XCBuildConfiguration;
			buildSettings = {
				ASSETCATALOG_COMPILER_APPICON_NAME = AppIcon;
				CODE_SIGN_STYLE = Automatic;
				INFOPLIST_FILE = StudyPal/Info.plist;
				LD_RUNPATH_SEARCH_PATHS = (
					"$(inherited)",
					"@executable_path/Frameworks",
				);
				PRODUCT_BUNDLE_IDENTIFIER = com.mycompany.StudyPal;
				PRODUCT_NAME = "$(TARGET_NAME)";
				SWIFT_VERSION = 5.0;
				TARGETED_DEVICE_FAMILY = "1,2";
			};
			name = Debug;
		};
		D2045BE724A3FBA9001F4A05 /* Release */ = {
			isa = XCBuildConfiguration;
			buildSettings = {
				ASSETCATALOG_COMPILER_APPICON_NAME = AppIcon;
				CODE_SIGN_STYLE = Automatic;
				INFOPLIST_FILE = StudyPal/Info.plist;
				LD_RUNPATH_SEARCH_PATHS = (
					"$(inherited)",
					"@executable_path/Frameworks",
				);
				PRODUCT_BUNDLE_IDENTIFIER = com.mycompany.StudyPal;
				PRODUCT_NAME = "$(TARGET_NAME)";
				SWIFT_VERSION = 5.0;
				TARGETED_DEVICE_FAMILY = "1,2";
			};
			name = Release;
		};
/* End XCBuildConfiguration section */

/* Begin XCConfigurationList section */
		D2045BCC24A3FBA5001F4A05 /* Build configuration list for PBXProject "StudyPal" */ = {
			isa = XCConfigurationList;
			buildConfigurations = (
				D2045BE324A3FBA9001F4A05 /* Debug */,
				D2045BE424A3FBA9001F4A05 /* Release */,
			);
			defaultConfigurationIsVisible = 0;
			defaultConfigurationName = Release;
		};
		D2045BE524A3FBA9001F4A05 /* Build configuration list for PBXNativeTarget "StudyPal" */ = {
			isa = XCConfigurationList;
			buildConfigurations = (
				D2045BE624A3FBA9001F4A05 /* Debug */,
				D2045BE724A3FBA9001F4A05 /* Release */,
			);
			defaultConfigurationIsVisible = 0;
			defaultConfigurationName = Release;
		};
/* End XCConfigurationList section */

/* Begin XCVersionGroup section */
		D2045BEF24A6665B001F4A05 /* Database.xcdatamodeld */ = {
			isa = XCVersionGroup;
			children = (
				D2045BF024A6665B001F4A05 /* Database.xcdatamodel */,
			);
			currentVersion = D2045BF024A6665B001F4A05 /* Database.xcdatamodel */;
			path = Database.xcdatamodeld;
			sourceTree = "<group>";
			versionGroupType = wrapper.xcdatamodel;
		};
/* End XCVersionGroup section */
	};
	rootObject = D2045BC924A3FBA5001F4A05 /* Project object */;
}
